
Microsoft Visual Studio Solution File, Format Version 12.00
# Visual Studio Version 17
VisualStudioVersion = 17.10.34928.147
MinimumVisualStudioVersion = 10.0.40219.1
Project("{FAE04EC0-301F-11D3-BF4B-00C04F79EFBC}") = "Ecommerce", "Ecommerce\Ecommerce.csproj", "{C03CF7CF-FEA3-43F0-8C91-AAFDF50B49D0}"
EndProject
Global
	GlobalSection(SolutionConfigurationPlatforms) = preSolution
		Debug|Any CPU = Debug|Any CPU
		Release|Any CPU = Release|Any CPU
	EndGlobalSection
	GlobalSection(ProjectConfigurationPlatforms) = postSolution
		{C03CF7CF-FEA3-43F0-8C91-AAFDF50B49D0}.Debug|Any CPU.ActiveCfg = Debug|Any CPU
		{C03CF7CF-FEA3-43F0-8C91-AAFDF50B49D0}.Debug|Any CPU.Build.0 = Debug|Any CPU
		{C03CF7CF-FEA3-43F0-8C91-AAFDF50B49D0}.Release|Any CPU.ActiveCfg = Release|Any CPU
		{C03CF7CF-FEA3-43F0-8C91-AAFDF50B49D0}.Release|Any CPU.Build.0 = Release|Any CPU
	EndGlobalSection
	GlobalSection(SolutionProperties) = preSolution
		HideSolutionNode = FALSE
	EndGlobalSection
	GlobalSection(ExtensibilityGlobals) = postSolution
		SolutionGuid = {32A2A5F3-32C7-4F33-8E85-3B9F36DFBA26}
	EndGlobalSection
EndGlobal
